
Microsoft Visual Studio Solution File, Format Version 11.00
# Visual C# Express 2010
Project("{FAE04EC0-301F-11D3-BF4B-00C04F79EFBC}") = "Fractal Brownian Motion", "Fractal Brownian Motion\Fractal Brownian Motion.csproj", "{E31E46CE-17F9-43FC-9419-6D741CBD9EE7}"
EndProject
Global
	GlobalSection(SolutionConfigurationPlatforms) = preSolution
		Debug|Any CPU = Debug|Any CPU
		Release|Any CPU = Release|Any CPU
	EndGlobalSection
	GlobalSection(ProjectConfigurationPlatforms) = postSolution
		{E31E46CE-17F9-43FC-9419-6D741CBD9EE7}.Debug|Any CPU.ActiveCfg = Debug|Any CPU
		{E31E46CE-17F9-43FC-9419-6D741CBD9EE7}.Debug|Any CPU.Build.0 = Debug|Any CPU
		{E31E46CE-17F9-43FC-9419-6D741CBD9EE7}.Release|Any CPU.ActiveCfg = Release|Any CPU
		{E31E46CE-17F9-43FC-9419-6D741CBD9EE7}.Release|Any CPU.Build.0 = Release|Any CPU
	EndGlobalSection
	GlobalSection(SolutionProperties) = preSolution
		HideSolutionNode = FALSE
	EndGlobalSection
EndGlobal
